// !$*UTF8*$!
{
	archiveVersion = 1;
	classes = {
	};
	objectVersion = 51;
	objects = {

/* Begin PBXBuildFile section */
		9766F45F49624D8196C75195 /* Pods_Chatify.framework in Frameworks */ = {isa = PBXBuildFile; fileRef = 7BCE2B3481E1D2D681A11EDF /* Pods_Chatify.framework */; };
		DF93246F26C34BDE00CAAD00 /* AppDelegate.swift in Sources */ = {isa = PBXBuildFile; fileRef = DF93246E26C34BDE00CAAD00 /* AppDelegate.swift */; };
		DF93247126C34BDE00CAAD00 /* SceneDelegate.swift in Sources */ = {isa = PBXBuildFile; fileRef = DF93247026C34BDE00CAAD00 /* SceneDelegate.swift */; };
		DF93247626C34BDE00CAAD00 /* Main.storyboard in Resources */ = {isa = PBXBuildFile; fileRef = DF93247426C34BDE00CAAD00 /* Main.storyboard */; };
		DF93247826C34BDF00CAAD00 /* Assets.xcassets in Resources */ = {isa = PBXBuildFile; fileRef = DF93247726C34BDF00CAAD00 /* Assets.xcassets */; };
		DF93247B26C34BDF00CAAD00 /* LaunchScreen.storyboard in Resources */ = {isa = PBXBuildFile; fileRef = DF93247926C34BDF00CAAD00 /* LaunchScreen.storyboard */; };
		DFC2E60D26C3521D00BAFED0 /* WelcomeViewController.swift in Sources */ = {isa = PBXBuildFile; fileRef = DFC2E60C26C3521D00BAFED0 /* WelcomeViewController.swift */; };
		DFC2E60F26C3523100BAFED0 /* LoginViewController.swift in Sources */ = {isa = PBXBuildFile; fileRef = DFC2E60E26C3523100BAFED0 /* LoginViewController.swift */; };
		DFC2E61126C3523E00BAFED0 /* RegisterViewController.swift in Sources */ = {isa = PBXBuildFile; fileRef = DFC2E61026C3523E00BAFED0 /* RegisterViewController.swift */; };
		DFC2E61326C3524A00BAFED0 /* ChatViewController.swift in Sources */ = {isa = PBXBuildFile; fileRef = DFC2E61226C3524A00BAFED0 /* ChatViewController.swift */; };
		DFC2E61526C3632D00BAFED0 /* GoogleService-Info.plist in Resources */ = {isa = PBXBuildFile; fileRef = DFC2E61426C3632D00BAFED0 /* GoogleService-Info.plist */; };
		DFC2E61726C3899700BAFED0 /* Constants.swift in Sources */ = {isa = PBXBuildFile; fileRef = DFC2E61626C3899700BAFED0 /* Constants.swift */; };
		DFC2E61926C38BEC00BAFED0 /* Message.swift in Sources */ = {isa = PBXBuildFile; fileRef = DFC2E61826C38BEC00BAFED0 /* Message.swift */; };
		DFC2E61C26C391AF00BAFED0 /* MessageCell.swift in Sources */ = {isa = PBXBuildFile; fileRef = DFC2E61A26C391AF00BAFED0 /* MessageCell.swift */; };
		DFC2E61D26C391AF00BAFED0 /* MessageCell.xib in Resources */ = {isa = PBXBuildFile; fileRef = DFC2E61B26C391AF00BAFED0 /* MessageCell.xib */; };
/* End PBXBuildFile section */

/* Begin PBXFileReference section */
		313A6EB4EB0F4FE68F103483 /* Pods-Chatify.debug.xcconfig */ = {isa = PBXFileReference; includeInIndex = 1; lastKnownFileType = text.xcconfig; name = "Pods-Chatify.debug.xcconfig"; path = "Target Support Files/Pods-Chatify/Pods-Chatify.debug.xcconfig"; sourceTree = "<group>"; };
		68EC93EA3C593A9FCB811BAD /* Pods-Chatify.release.xcconfig */ = {isa = PBXFileReference; includeInIndex = 1; lastKnownFileType = text.xcconfig; name = "Pods-Chatify.release.xcconfig"; path = "Target Support Files/Pods-Chatify/Pods-Chatify.release.xcconfig"; sourceTree = "<group>"; };
		7BCE2B3481E1D2D681A11EDF /* Pods_Chatify.framework */ = {isa = PBXFileReference; explicitFileType = wrapper.framework; includeInIndex = 0; path = Pods_Chatify.framework; sourceTree = BUILT_PRODUCTS_DIR; };
		DF93246B26C34BDE00CAAD00 /* Chatify.app */ = {isa = PBXFileReference; explicitFileType = wrapper.application; includeInIndex = 0; path = Chatify.app; sourceTree = BUILT_PRODUCTS_DIR; };
		DF93246E26C34BDE00CAAD00 /* AppDelegate.swift */ = {isa = PBXFileReference; lastKnownFileType = sourcecode.swift; path = AppDelegate.swift; sourceTree = "<group>"; };
		DF93247026C34BDE00CAAD00 /* SceneDelegate.swift */ = {isa = PBXFileReference; lastKnownFileType = sourcecode.swift; path = SceneDelegate.swift; sourceTree = "<group>"; };
		DF93247526C34BDE00CAAD00 /* Base */ = {isa = PBXFileReference; lastKnownFileType = file.storyboard; name = Base; path = Base.lproj/Main.storyboard; sourceTree = "<group>"; };
		DF93247726C34BDF00CAAD00 /* Assets.xcassets */ = {isa = PBXFileReference; lastKnownFileType = folder.assetcatalog; path = Assets.xcassets; sourceTree = "<group>"; };
		DF93247A26C34BDF00CAAD00 /* Base */ = {isa = PBXFileReference; lastKnownFileType = file.storyboard; name = Base; path = Base.lproj/LaunchScreen.storyboard; sourceTree = "<group>"; };
		DF93247C26C34BDF00CAAD00 /* Info.plist */ = {isa = PBXFileReference; lastKnownFileType = text.plist.xml; path = Info.plist; sourceTree = "<group>"; };
		DFC2E60C26C3521D00BAFED0 /* WelcomeViewController.swift */ = {isa = PBXFileReference; lastKnownFileType = sourcecode.swift; path = WelcomeViewController.swift; sourceTree = "<group>"; };
		DFC2E60E26C3523100BAFED0 /* LoginViewController.swift */ = {isa = PBXFileReference; lastKnownFileType = sourcecode.swift; path = LoginViewController.swift; sourceTree = "<group>"; };
		DFC2E61026C3523E00BAFED0 /* RegisterViewController.swift */ = {isa = PBXFileReference; lastKnownFileType = sourcecode.swift; path = RegisterViewController.swift; sourceTree = "<group>"; };
		DFC2E61226C3524A00BAFED0 /* ChatViewController.swift */ = {isa = PBXFileReference; lastKnownFileType = sourcecode.swift; path = ChatViewController.swift; sourceTree = "<group>"; };
		DFC2E61426C3632D00BAFED0 /* GoogleService-Info.plist */ = {isa = PBXFileReference; fileEncoding = 4; lastKnownFileType = text.plist.xml; path = "GoogleService-Info.plist"; sourceTree = "<group>"; };
		DFC2E61626C3899700BAFED0 /* Constants.swift */ = {isa = PBXFileReference; lastKnownFileType = sourcecode.swift; path = Constants.swift; sourceTree = "<group>"; };
		DFC2E61826C38BEC00BAFED0 /* Message.swift */ = {isa = PBXFileReference; lastKnownFileType = sourcecode.swift; path = Message.swift; sourceTree = "<group>"; };
		DFC2E61A26C391AF00BAFED0 /* MessageCell.swift */ = {isa = PBXFileReference; lastKnownFileType = sourcecode.swift; path = MessageCell.swift; sourceTree = "<group>"; };
		DFC2E61B26C391AF00BAFED0 /* MessageCell.xib */ = {isa = PBXFileReference; lastKnownFileType = file.xib; path = MessageCell.xib; sourceTree = "<group>"; };
/* End PBXFileReference section */

/* Begin PBXFrameworksBuildPhase section */
		DF93246826C34BDE00CAAD00 /* Frameworks */ = {
			isa = PBXFrameworksBuildPhase;
			buildActionMask = 2147483647;
			files = (
				9766F45F49624D8196C75195 /* Pods_Chatify.framework in Frameworks */,
			);
			runOnlyForDeploymentPostprocessing = 0;
		};
/* End PBXFrameworksBuildPhase section */

/* Begin PBXGroup section */
		3368CD4B550459FBE2FC9B17 /* Pods */ = {
			isa = PBXGroup;
			children = (
				313A6EB4EB0F4FE68F103483 /* Pods-Chatify.debug.xcconfig */,
				68EC93EA3C593A9FCB811BAD /* Pods-Chatify.release.xcconfig */,
			);
			path = Pods;
			sourceTree = "<group>";
		};
		DF93246226C34BDE00CAAD00 = {
			isa = PBXGroup;
			children = (
				DF93246D26C34BDE00CAAD00 /* Chatify */,
				DF93246C26C34BDE00CAAD00 /* Products */,
				3368CD4B550459FBE2FC9B17 /* Pods */,
				F15FB9F43F58E1B844572595 /* Frameworks */,
			);
			sourceTree = "<group>";
		};
		DF93246C26C34BDE00CAAD00 /* Products */ = {
			isa = PBXGroup;
			children = (
				DF93246B26C34BDE00CAAD00 /* Chatify.app */,
			);
			name = Products;
			sourceTree = "<group>";
		};
		DF93246D26C34BDE00CAAD00 /* Chatify */ = {
			isa = PBXGroup;
			children = (
				DF93248526C34C2200CAAD00 /* Model */,
				DF93248326C34BF500CAAD00 /* View */,
				DF93248226C34BE700CAAD00 /* Controller */,
				DF93246E26C34BDE00CAAD00 /* AppDelegate.swift */,
				DF93247026C34BDE00CAAD00 /* SceneDelegate.swift */,
				DF93247726C34BDF00CAAD00 /* Assets.xcassets */,
				DF93247C26C34BDF00CAAD00 /* Info.plist */,
				DFC2E61426C3632D00BAFED0 /* GoogleService-Info.plist */,
				DFC2E61626C3899700BAFED0 /* Constants.swift */,
			);
			path = Chatify;
			sourceTree = "<group>";
		};
		DF93248226C34BE700CAAD00 /* Controller */ = {
			isa = PBXGroup;
			children = (
				DFC2E60C26C3521D00BAFED0 /* WelcomeViewController.swift */,
				DFC2E60E26C3523100BAFED0 /* LoginViewController.swift */,
				DFC2E61026C3523E00BAFED0 /* RegisterViewController.swift */,
				DFC2E61226C3524A00BAFED0 /* ChatViewController.swift */,
			);
			path = Controller;
			sourceTree = "<group>";
		};
		DF93248326C34BF500CAAD00 /* View */ = {
			isa = PBXGroup;
			children = (
				DF93247926C34BDF00CAAD00 /* LaunchScreen.storyboard */,
				DF93247426C34BDE00CAAD00 /* Main.storyboard */,
				DFC2E61A26C391AF00BAFED0 /* MessageCell.swift */,
				DFC2E61B26C391AF00BAFED0 /* MessageCell.xib */,
			);
			path = View;
			sourceTree = "<group>";
		};
		DF93248526C34C2200CAAD00 /* Model */ = {
			isa = PBXGroup;
			children = (
				DFC2E61826C38BEC00BAFED0 /* Message.swift */,
			);
			path = Model;
			sourceTree = "<group>";
		};
		F15FB9F43F58E1B844572595 /* Frameworks */ = {
			isa = PBXGroup;
			children = (
				7BCE2B3481E1D2D681A11EDF /* Pods_Chatify.framework */,
			);
			name = Frameworks;
			sourceTree = "<group>";
		};
/* End PBXGroup section */

/* Begin PBXNativeTarget section */
		DF93246A26C34BDE00CAAD00 /* Chatify */ = {
			isa = PBXNativeTarget;
			buildConfigurationList = DF93247F26C34BDF00CAAD00 /* Build configuration list for PBXNativeTarget "Chatify" */;
			buildPhases = (
				C00990748BD2AB66E2C91296 /* [CP] Check Pods Manifest.lock */,
				DF93246726C34BDE00CAAD00 /* Sources */,
				DF93246826C34BDE00CAAD00 /* Frameworks */,
				DF93246926C34BDE00CAAD00 /* Resources */,
				9ABD506E2DEB3A9F4A2BB00E /* [CP] Embed Pods Frameworks */,
			);
			buildRules = (
			);
			dependencies = (
			);
			name = Chatify;
			productName = Chatify;
			productReference = DF93246B26C34BDE00CAAD00 /* Chatify.app */;
			productType = "com.apple.product-type.application";
		};
/* End PBXNativeTarget section */

/* Begin PBXProject section */
		DF93246326C34BDE00CAAD00 /* Project object */ = {
			isa = PBXProject;
			attributes = {
				LastSwiftUpdateCheck = 1250;
				LastUpgradeCheck = 1250;
				TargetAttributes = {
					DF93246A26C34BDE00CAAD00 = {
						CreatedOnToolsVersion = 12.5.1;
					};
				};
			};
			buildConfigurationList = DF93246626C34BDE00CAAD00 /* Build configuration list for PBXProject "Chatify" */;
			compatibilityVersion = "Xcode 9.3";
			developmentRegion = en;
			hasScannedForEncodings = 0;
			knownRegions = (
				en,
				Base,
			);
			mainGroup = DF93246226C34BDE00CAAD00;
			productRefGroup = DF93246C26C34BDE00CAAD00 /* Products */;
			projectDirPath = "";
			projectRoot = "";
			targets = (
				DF93246A26C34BDE00CAAD00 /* Chatify */,
			);
		};
/* End PBXProject section */

/* Begin PBXResourcesBuildPhase section */
		DF93246926C34BDE00CAAD00 /* Resources */ = {
			isa = PBXResourcesBuildPhase;
			buildActionMask = 2147483647;
			files = (
				DF93247B26C34BDF00CAAD00 /* LaunchScreen.storyboard in Resources */,
				DFC2E61D26C391AF00BAFED0 /* MessageCell.xib in Resources */,
				DFC2E61526C3632D00BAFED0 /* GoogleService-Info.plist in Resources */,
				DF93247826C34BDF00CAAD00 /* Assets.xcassets in Resources */,
				DF93247626C34BDE00CAAD00 /* Main.storyboard in Resources */,
			);
			runOnlyForDeploymentPostprocessing = 0;
		};
/* End PBXResourcesBuildPhase section */

/* Begin PBXShellScriptBuildPhase section */
		9ABD506E2DEB3A9F4A2BB00E /* [CP] Embed Pods Frameworks */ = {
			isa = PBXShellScriptBuildPhase;
			buildActionMask = 2147483647;
			files = (
			);
			inputFileListPaths = (
				"${PODS_ROOT}/Target Support Files/Pods-Chatify/Pods-Chatify-frameworks-${CONFIGURATION}-input-files.xcfilelist",
			);
			name = "[CP] Embed Pods Frameworks";
			outputFileListPaths = (
				"${PODS_ROOT}/Target Support Files/Pods-Chatify/Pods-Chatify-frameworks-${CONFIGURATION}-output-files.xcfilelist",
			);
			runOnlyForDeploymentPostprocessing = 0;
			shellPath = /bin/sh;
			shellScript = "\"${PODS_ROOT}/Target Support Files/Pods-Chatify/Pods-Chatify-frameworks.sh\"\n";
			showEnvVarsInLog = 0;
		};
		C00990748BD2AB66E2C91296 /* [CP] Check Pods Manifest.lock */ = {
			isa = PBXShellScriptBuildPhase;
			buildActionMask = 2147483647;
			files = (
			);
			inputFileListPaths = (
			);
			inputPaths = (
				"${PODS_PODFILE_DIR_PATH}/Podfile.lock",
				"${PODS_ROOT}/Manifest.lock",
			);
			name = "[CP] Check Pods Manifest.lock";
			outputFileListPaths = (
			);
			outputPaths = (
				"$(DERIVED_FILE_DIR)/Pods-Chatify-checkManifestLockResult.txt",
			);
			runOnlyForDeploymentPostprocessing = 0;
			shellPath = /bin/sh;
			shellScript = "diff \"${PODS_PODFILE_DIR_PATH}/Podfile.lock\" \"${PODS_ROOT}/Manifest.lock\" > /dev/null\nif [ $? != 0 ] ; then\n    # print error to STDERR\n    echo \"error: The sandbox is not in sync with the Podfile.lock. Run 'pod install' or update your CocoaPods installation.\" >&2\n    exit 1\nfi\n# This output is used by Xcode 'outputs' to avoid re-running this script phase.\necho \"SUCCESS\" > \"${SCRIPT_OUTPUT_FILE_0}\"\n";
			showEnvVarsInLog = 0;
		};
/* End PBXShellScriptBuildPhase section */

/* Begin PBXSourcesBuildPhase section */
		DF93246726C34BDE00CAAD00 /* Sources */ = {
			isa = PBXSourcesBuildPhase;
			buildActionMask = 2147483647;
			files = (
				DFC2E60D26C3521D00BAFED0 /* WelcomeViewController.swift in Sources */,
				DF93246F26C34BDE00CAAD00 /* AppDelegate.swift in Sources */,
				DFC2E61926C38BEC00BAFED0 /* Message.swift in Sources */,
				DFC2E61326C3524A00BAFED0 /* ChatViewController.swift in Sources */,
				DFC2E61126C3523E00BAFED0 /* RegisterViewController.swift in Sources */,
				DFC2E60F26C3523100BAFED0 /* LoginViewController.swift in Sources */,
				DFC2E61C26C391AF00BAFED0 /* MessageCell.swift in Sources */,
				DF93247126C34BDE00CAAD00 /* SceneDelegate.swift in Sources */,
				DFC2E61726C3899700BAFED0 /* Constants.swift in Sources */,
			);
			runOnlyForDeploymentPostprocessing = 0;
		};
/* End PBXSourcesBuildPhase section */

/* Begin PBXVariantGroup section */
		DF93247426C34BDE00CAAD00 /* Main.storyboard */ = {
			isa = PBXVariantGroup;
			children = (
				DF93247526C34BDE00CAAD00 /* Base */,
			);
			name = Main.storyboard;
			sourceTree = "<group>";
		};
		DF93247926C34BDF00CAAD00 /* LaunchScreen.storyboard */ = {
			isa = PBXVariantGroup;
			children = (
				DF93247A26C34BDF00CAAD00 /* Base */,
			);
			name = LaunchScreen.storyboard;
			sourceTree = "<group>";
		};
/* End PBXVariantGroup section */

/* Begin XCBuildConfiguration section */
		DF93247D26C34BDF00CAAD00 /* Debug */ = {
			isa = XCBuildConfiguration;
			buildSettings = {
				ALWAYS_SEARCH_USER_PATHS = NO;
				CLANG_ANALYZER_NONNULL = YES;
				CLANG_ANALYZER_NUMBER_OBJECT_CONVERSION = YES_AGGRESSIVE;
				CLANG_CXX_LANGUAGE_STANDARD = "gnu++14";
				CLANG_CXX_LIBRARY = "libc++";
				CLANG_ENABLE_MODULES = YES;
				CLANG_ENABLE_OBJC_ARC = YES;
				CLANG_ENABLE_OBJC_WEAK = YES;
				CLANG_WARN_BLOCK_CAPTURE_AUTORELEASING = YES;
				CLANG_WARN_BOOL_CONVERSION = YES;
				CLANG_WARN_COMMA = YES;
				CLANG_WARN_CONSTANT_CONVERSION = YES;
				CLANG_WARN_DEPRECATED_OBJC_IMPLEMENTATIONS = YES;
				CLANG_WARN_DIRECT_OBJC_ISA_USAGE = YES_ERROR;
				CLANG_WARN_DOCUMENTATION_COMMENTS = YES;
				CLANG_WARN_EMPTY_BODY = YES;
				CLANG_WARN_ENUM_CONVERSION = YES;
				CLANG_WARN_INFINITE_RECURSION = YES;
				CLANG_WARN_INT_CONVERSION = YES;
				CLANG_WARN_NON_LITERAL_NULL_CONVERSION = YES;
				CLANG_WARN_OBJC_IMPLICIT_RETAIN_SELF = YES;
				CLANG_WARN_OBJC_LITERAL_CONVERSION = YES;
				CLANG_WARN_OBJC_ROOT_CLASS = YES_ERROR;
				CLANG_WARN_QUOTED_INCLUDE_IN_FRAMEWORK_HEADER = YES;
				CLANG_WARN_RANGE_LOOP_ANALYSIS = YES;
				CLANG_WARN_STRICT_PROTOTYPES = YES;
				CLANG_WARN_SUSPICIOUS_MOVE = YES;
				CLANG_WARN_UNGUARDED_AVAILABILITY = YES_AGGRESSIVE;
				CLANG_WARN_UNREACHABLE_CODE = YES;
				CLANG_WARN__DUPLICATE_METHOD_MATCH = YES;
				COPY_PHASE_STRIP = NO;
				DEBUG_INFORMATION_FORMAT = dwarf;
				ENABLE_STRICT_OBJC_MSGSEND = YES;
				ENABLE_TESTABILITY = YES;
				GCC_C_LANGUAGE_STANDARD = gnu11;
				GCC_DYNAMIC_NO_PIC = NO;
				GCC_NO_COMMON_BLOCKS = YES;
				GCC_OPTIMIZATION_LEVEL = 0;
				GCC_PREPROCESSOR_DEFINITIONS = (
					"DEBUG=1",
					"$(inherited)",
				);
				GCC_WARN_64_TO_32_BIT_CONVERSION = YES;
				GCC_WARN_ABOUT_RETURN_TYPE = YES_ERROR;
				GCC_WARN_UNDECLARED_SELECTOR = YES;
				GCC_WARN_UNINITIALIZED_AUTOS = YES_AGGRESSIVE;
				GCC_WARN_UNUSED_FUNCTION = YES;
				GCC_WARN_UNUSED_VARIABLE = YES;
				IPHONEOS_DEPLOYMENT_TARGET = 14.5;
				MTL_ENABLE_DEBUG_INFO = INCLUDE_SOURCE;
				MTL_FAST_MATH = YES;
				ONLY_ACTIVE_ARCH = YES;
				SDKROOT = iphoneos;
				SWIFT_ACTIVE_COMPILATION_CONDITIONS = DEBUG;
				SWIFT_OPTIMIZATION_LEVEL = "-Onone";
			};
			name = Debug;
		};
		DF93247E26C34BDF00CAAD00 /* Release */ = {
			isa = XCBuildConfiguration;
			buildSettings = {
				ALWAYS_SEARCH_USER_PATHS = NO;
				CLANG_ANALYZER_NONNULL = YES;
				CLANG_ANALYZER_NUMBER_OBJECT_CONVERSION = YES_AGGRESSIVE;
				CLANG_CXX_LANGUAGE_STANDARD = "gnu++14";
				CLANG_CXX_LIBRARY = "libc++";
				CLANG_ENABLE_MODULES = YES;
				CLANG_ENABLE_OBJC_ARC = YES;
				CLANG_ENABLE_OBJC_WEAK = YES;
				CLANG_WARN_BLOCK_CAPTURE_AUTORELEASING = YES;
				CLANG_WARN_BOOL_CONVERSION = YES;
				CLANG_WARN_COMMA = YES;
				CLANG_WARN_CONSTANT_CONVERSION = YES;
				CLANG_WARN_DEPRECATED_OBJC_IMPLEMENTATIONS = YES;
				CLANG_WARN_DIRECT_OBJC_ISA_USAGE = YES_ERROR;
				CLANG_WARN_DOCUMENTATION_COMMENTS = YES;
				CLANG_WARN_EMPTY_BODY = YES;
				CLANG_WARN_ENUM_CONVERSION = YES;
				CLANG_WARN_INFINITE_RECURSION = YES;
				CLANG_WARN_INT_CONVERSION = YES;
				CLANG_WARN_NON_LITERAL_NULL_CONVERSION = YES;
				CLANG_WARN_OBJC_IMPLICIT_RETAIN_SELF = YES;
				CLANG_WARN_OBJC_LITERAL_CONVERSION = YES;
				CLANG_WARN_OBJC_ROOT_CLASS = YES_ERROR;
				CLANG_WARN_QUOTED_INCLUDE_IN_FRAMEWORK_HEADER = YES;
				CLANG_WARN_RANGE_LOOP_ANALYSIS = YES;
				CLANG_WARN_STRICT_PROTOTYPES = YES;
				CLANG_WARN_SUSPICIOUS_MOVE = YES;
				CLANG_WARN_UNGUARDED_AVAILABILITY = YES_AGGRESSIVE;
				CLANG_WARN_UNREACHABLE_CODE = YES;
				CLANG_WARN__DUPLICATE_METHOD_MATCH = YES;
				COPY_PHASE_STRIP = NO;
				DEBUG_INFORMATION_FORMAT = "dwarf-with-dsym";
				ENABLE_NS_ASSERTIONS = NO;
				ENABLE_STRICT_OBJC_MSGSEND = YES;
				GCC_C_LANGUAGE_STANDARD = gnu11;
				GCC_NO_COMMON_BLOCKS = YES;
				GCC_WARN_64_TO_32_BIT_CONVERSION = YES;
				GCC_WARN_ABOUT_RETURN_TYPE = YES_ERROR;
				GCC_WARN_UNDECLARED_SELECTOR = YES;
				GCC_WARN_UNINITIALIZED_AUTOS = YES_AGGRESSIVE;
				GCC_WARN_UNUSED_FUNCTION = YES;
				GCC_WARN_UNUSED_VARIABLE = YES;
				IPHONEOS_DEPLOYMENT_TARGET = 14.5;
				MTL_ENABLE_DEBUG_INFO = NO;
				MTL_FAST_MATH = YES;
				SDKROOT = iphoneos;
				SWIFT_COMPILATION_MODE = wholemodule;
				SWIFT_OPTIMIZATION_LEVEL = "-O";
				VALIDATE_PRODUCT = YES;
			};
			name = Release;
		};
		DF93248026C34BDF00CAAD00 /* Debug */ = {
			isa = XCBuildConfiguration;
			baseConfigurationReference = 313A6EB4EB0F4FE68F103483 /* Pods-Chatify.debug.xcconfig */;
			buildSettings = {
				ASSETCATALOG_COMPILER_APPICON_NAME = AppIcon;
				ASSETCATALOG_COMPILER_GLOBAL_ACCENT_COLOR_NAME = AccentColor;
				CODE_SIGN_STYLE = Automatic;
				DEVELOPMENT_TEAM = T5923497L5;
				INFOPLIST_FILE = Chatify/Info.plist;
				IPHONEOS_DEPLOYMENT_TARGET = 13.0;
				LD_RUNPATH_SEARCH_PATHS = (
					"$(inherited)",
					"@executable_path/Frameworks",
				);
				PRODUCT_BUNDLE_IDENTIFIER = dipika.Chatify;
				PRODUCT_NAME = "$(TARGET_NAME)";
				SWIFT_VERSION = 5.0;
				TARGETED_DEVICE_FAMILY = "1,2";
			};
			name = Debug;
		};
		DF93248126C34BDF00CAAD00 /* Release */ = {
			isa = XCBuildConfiguration;
			baseConfigurationReference = 68EC93EA3C593A9FCB811BAD /* Pods-Chatify.release.xcconfig */;
			buildSettings = {
				ASSETCATALOG_COMPILER_APPICON_NAME = AppIcon;
				ASSETCATALOG_COMPILER_GLOBAL_ACCENT_COLOR_NAME = AccentColor;
				CODE_SIGN_STYLE = Automatic;
				DEVELOPMENT_TEAM = T5923497L5;
				INFOPLIST_FILE = Chatify/Info.plist;
				IPHONEOS_DEPLOYMENT_TARGET = 13.0;
				LD_RUNPATH_SEARCH_PATHS = (
					"$(inherited)",
					"@executable_path/Frameworks",
				);
				PRODUCT_BUNDLE_IDENTIFIER = dipika.Chatify;
				PRODUCT_NAME = "$(TARGET_NAME)";
				SWIFT_VERSION = 5.0;
				TARGETED_DEVICE_FAMILY = "1,2";
			};
			name = Release;
		};
/* End XCBuildConfiguration section */

/* Begin XCConfigurationList section */
		DF93246626C34BDE00CAAD00 /* Build configuration list for PBXProject "Chatify" */ = {
			isa = XCConfigurationList;
			buildConfigurations = (
				DF93247D26C34BDF00CAAD00 /* Debug */,
				DF93247E26C34BDF00CAAD00 /* Release */,
			);
			defaultConfigurationIsVisible = 0;
			defaultConfigurationName = Release;
		};
		DF93247F26C34BDF00CAAD00 /* Build configuration list for PBXNativeTarget "Chatify" */ = {
			isa = XCConfigurationList;
			buildConfigurations = (
				DF93248026C34BDF00CAAD00 /* Debug */,
				DF93248126C34BDF00CAAD00 /* Release */,
			);
			defaultConfigurationIsVisible = 0;
			defaultConfigurationName = Release;
		};
/* End XCConfigurationList section */
	};
	rootObject = DF93246326C34BDE00CAAD00 /* Project object */;
}
